{
  "name": "addbot",
  "version": "1.0.0",
  "lockfileVersion": 2,
  "requires": true,
  "packages": {
    "": {
      "name": "addbot",
      "version": "1.0.0",
      "license": "MIT",
      "dependencies": {
        "crypto-js": "^4.1.1",
        "fs": "^0.0.1-security",
        "to-uuid": "^0.1.3",
        "uuid-by-string": "^3.0.6"
      }
    },
    "node_modules/crypto-js": {
      "version": "4.1.1",
      "resolved": "https://registry.npmjs.org/crypto-js/-/crypto-js-4.1.1.tgz",
      "integrity": "sha512-o2JlM7ydqd3Qk9CA0L4NL6mTzU2sdx96a+oOfPu8Mkl/PK51vSyoi8/rQ8NknZtk44vq15lmhAj9CIAGwgeWKw=="
    },
    "node_modules/fs": {
      "version": "0.0.1-security",
      "resolved": "https://registry.npmjs.org/fs/-/fs-0.0.1-security.tgz",
      "integrity": "sha1-invTcYa23d84E/I4WLV+yq9eQdQ="
    },
    "node_modules/js-md5": {
      "version": "0.7.3",
      "resolved": "https://registry.npmjs.org/js-md5/-/js-md5-0.7.3.tgz",
      "integrity": "sha512-ZC41vPSTLKGwIRjqDh8DfXoCrdQIyBgspJVPXHBGu4nZlAEvG3nf+jO9avM9RmLiGakg7vz974ms99nEV0tmTQ=="
    },
    "node_modules/js-sha1": {
      "version": "0.6.0",
      "resolved": "https://registry.npmjs.org/js-sha1/-/js-sha1-0.6.0.tgz",
      "integrity": "sha512-01gwBFreYydzmU9BmZxpVk6svJJHrVxEN3IOiGl6VO93bVKYETJ0sIth6DASI6mIFdt7NmfX9UiByRzsYHGU9w=="
    },
    "node_modules/to-uuid": {
      "version": "0.1.3",
      "resolved": "https://registry.npmjs.org/to-uuid/-/to-uuid-0.1.3.tgz",
      "integrity": "sha1-YWzzYYeQmRcNcPCGDUab5MO3//s=",
      "engines": {
        "node": ">=4.0.0"
      }
    },
    "node_modules/uuid-by-string": {
      "version": "3.0.6",
      "resolved": "https://registry.npmjs.org/uuid-by-string/-/uuid-by-string-3.0.6.tgz",
      "integrity": "sha512-cxct9G0ImP5wPftzth0FPafFNVHqCNVD+FMwWdWPePATDyLEQApRyiKY3NCaxbjLa6+9H6egHHIBX6IR3IGH4Q==",
      "dependencies": {
        "js-md5": "^0.7.3",
        "js-sha1": "^0.6.0"
      }
    }
  },
  "dependencies": {
    "crypto-js": {
      "version": "4.1.1",
      "resolved": "https://registry.npmjs.org/crypto-js/-/crypto-js-4.1.1.tgz",
      "integrity": "sha512-o2JlM7ydqd3Qk9CA0L4NL6mTzU2sdx96a+oOfPu8Mkl/PK51vSyoi8/rQ8NknZtk44vq15lmhAj9CIAGwgeWKw=="
    },
    "fs": {
      "version": "0.0.1-security",
      "resolved": "https://registry.npmjs.org/fs/-/fs-0.0.1-security.tgz",
      "integrity": "sha1-invTcYa23d84E/I4WLV+yq9eQdQ="
    },
    "js-md5": {
      "version": "0.7.3",
      "resolved": "https://registry.npmjs.org/js-md5/-/js-md5-0.7.3.tgz",
      "integrity": "sha512-ZC41vPSTLKGwIRjqDh8DfXoCrdQIyBgspJVPXHBGu4nZlAEvG3nf+jO9avM9RmLiGakg7vz974ms99nEV0tmTQ=="
    },
    "js-sha1": {
      "version": "0.6.0",
      "resolved": "https://registry.npmjs.org/js-sha1/-/js-sha1-0.6.0.tgz",
      "integrity": "sha512-01gwBFreYydzmU9BmZxpVk6svJJHrVxEN3IOiGl6VO93bVKYETJ0sIth6DASI6mIFdt7NmfX9UiByRzsYHGU9w=="
    },
    "to-uuid": {
      "version": "0.1.3",
      "resolved": "https://registry.npmjs.org/to-uuid/-/to-uuid-0.1.3.tgz",
      "integrity": "sha1-YWzzYYeQmRcNcPCGDUab5MO3//s="
    },
    "uuid-by-string": {
      "version": "3.0.6",
      "resolved": "https://registry.npmjs.org/uuid-by-string/-/uuid-by-string-3.0.6.tgz",
      "integrity": "sha512-cxct9G0ImP5wPftzth0FPafFNVHqCNVD+FMwWdWPePATDyLEQApRyiKY3NCaxbjLa6+9H6egHHIBX6IR3IGH4Q==",
      "requires": {
        "js-md5": "^0.7.3",
        "js-sha1": "^0.6.0"
      }
    }
  }
}
